
Microsoft Visual Studio Solution File, Format Version 12.00
# Visual Studio Version 17
VisualStudioVersion = 17.8.34330.188
MinimumVisualStudioVersion = 10.0.40219.1
Project("{FAE04EC0-301F-11D3-BF4B-00C04F79EFBC}") = "AspNetMvcCrud", "AspNetMvcCrud\AspNetMvcCrud.csproj", "{4ED2C0B1-3E4B-4122-B461-FD397796DD15}"
EndProject
Global
	GlobalSection(SolutionConfigurationPlatforms) = preSolution
		Debug|Any CPU = Debug|Any CPU
		Release|Any CPU = Release|Any CPU
	EndGlobalSection
	GlobalSection(ProjectConfigurationPlatforms) = postSolution
		{4ED2C0B1-3E4B-4122-B461-FD397796DD15}.Debug|Any CPU.ActiveCfg = Debug|Any CPU
		{4ED2C0B1-3E4B-4122-B461-FD397796DD15}.Debug|Any CPU.Build.0 = Debug|Any CPU
		{4ED2C0B1-3E4B-4122-B461-FD397796DD15}.Release|Any CPU.ActiveCfg = Release|Any CPU
		{4ED2C0B1-3E4B-4122-B461-FD397796DD15}.Release|Any CPU.Build.0 = Release|Any CPU
	EndGlobalSection
	GlobalSection(SolutionProperties) = preSolution
		HideSolutionNode = FALSE
	EndGlobalSection
	GlobalSection(ExtensibilityGlobals) = postSolution
		SolutionGuid = {A6E6C76F-9246-4043-A11D-A12CEC39FF18}
	EndGlobalSection
EndGlobal
